{
  "name": "site-widgets",
  "version": "1.0.0",
  "lockfileVersion": 3,
  "requires": true,
  "packages": {
    "": {
      "name": "site-widgets",
      "version": "1.0.0",
      "dependencies": {
        "@types/react": "^19.2.17",
        "@types/react-dom": "^19.2.3",
        "html2canvas-pro": "^2.0.4",
        "typescript": "^6.0.3"
      },
      "peerDependencies": {
        "react": "^19.2.7",
        "react-dom": "^19.2.7"
      }
    },
    "node_modules/@types/react": {
      "version": "19.2.17",
      "resolved": "https://registry.npmjs.org/@types/react/-/react-19.2.17.tgz",
      "integrity": "sha512-MXfmqaVPEVgkBT/aY0aGCkRWWtByiYQXo3xdQ8r5RzuFrPiRn8Gar2tQdXSUQ2GKV3bkXckek89V8wQBY2Q/Aw==",
      "license": "MIT",
      "dependencies": {
        "csstype": "^3.2.2"
      }
    },
    "node_modules/@types/react-dom": {
      "version": "19.2.3",
      "resolved": "https://registry.npmjs.org/@types/react-dom/-/react-dom-19.2.3.tgz",
      "integrity": "sha512-jp2L/eY6fn+KgVVQAOqYItbF0VY/YApe5Mz2F0aykSO8gx31bYCZyvSeYxCHKvzHG5eZjc+zyaS5BrBWya2+kQ==",
      "license": "MIT",
      "peerDependencies": {
        "@types/react": "^19.2.0"
      }
    },
    "node_modules/base64-arraybuffer": {
      "version": "1.0.2",
      "resolved": "https://registry.npmjs.org/base64-arraybuffer/-/base64-arraybuffer-1.0.2.tgz",
      "integrity": "sha512-I3yl4r9QB5ZRY3XuJVEPfc2XhZO6YweFPI+UovAzn+8/hb3oJ6lnysaFcjVpkCPfVWFUDvoZ8kmVDP7WyRtYtQ==",
      "license": "MIT",
      "engines": {
        "node": ">= 0.6.0"
      }
    },
    "node_modules/css-line-break": {
      "version": "2.1.0",
      "resolved": "https://registry.npmjs.org/css-line-break/-/css-line-break-2.1.0.tgz",
      "integrity": "sha512-FHcKFCZcAha3LwfVBhCQbW2nCNbkZXn7KVUJcsT5/P8YmfsVja0FMPJr0B903j/E69HUphKiV9iQArX8SDYA4w==",
      "license": "MIT",
      "dependencies": {
        "utrie": "^1.0.2"
      }
    },
    "node_modules/csstype": {
      "version": "3.2.3",
      "resolved": "https://registry.npmjs.org/csstype/-/csstype-3.2.3.tgz",
      "integrity": "sha512-z1HGKcYy2xA8AGQfwrn0PAy+PB7X/GSj3UVJW9qKyn43xWa+gl5nXmU4qqLMRzWVLFC8KusUX8T/0kCiOYpAIQ==",
      "license": "MIT"
    },
    "node_modules/html2canvas-pro": {
      "version": "2.0.4",
      "resolved": "https://registry.npmjs.org/html2canvas-pro/-/html2canvas-pro-2.0.4.tgz",
      "integrity": "sha512-tfL8XNvuITvYQJKgAx4bvANauuLKc88C+ZSZt7HZJveqQBWjBDtkqs/It06UzlqbM+sSq7Cv45rFbuUxOFgmow==",
      "license": "MIT",
      "dependencies": {
        "css-line-break": "^2.1.0",
        "text-segmentation": "^1.0.3"
      },
      "engines": {
        "node": ">=16.0.0"
      }
    },
    "node_modules/react": {
      "version": "19.2.7",
      "resolved": "https://registry.npmjs.org/react/-/react-19.2.7.tgz",
      "integrity": "sha512-HNe9WslTbXmFK8o8cmwgAeJFSBvt1bPdHCVKtaaV+WlAN36mpT4hcRpwbf3fY56ar2oIXzsBpOAiIRHAdY0OlQ==",
      "license": "MIT",
      "peer": true,
      "engines": {
        "node": ">=0.10.0"
      }
    },
    "node_modules/react-dom": {
      "version": "19.2.7",
      "resolved": "https://registry.npmjs.org/react-dom/-/react-dom-19.2.7.tgz",
      "integrity": "sha512-t0BRVXvbiE/o20Hfw669rLbMCDWtYZLvmJigy2f0MxsXF+71pxhR3xOkspmsO8h3ZlNzyibAmtCa3l4lYKk6gQ==",
      "license": "MIT",
      "peer": true,
      "dependencies": {
        "scheduler": "^0.27.0"
      },
      "peerDependencies": {
        "react": "^19.2.7"
      }
    },
    "node_modules/scheduler": {
      "version": "0.27.0",
      "resolved": "https://registry.npmjs.org/scheduler/-/scheduler-0.27.0.tgz",
      "integrity": "sha512-eNv+WrVbKu1f3vbYJT/xtiF5syA5HPIMtf9IgY/nKg0sWqzAUEvqY/xm7OcZc/qafLx/iO9FgOmeSAp4v5ti/Q==",
      "license": "MIT",
      "peer": true
    },
    "node_modules/text-segmentation": {
      "version": "1.0.3",
      "resolved": "https://registry.npmjs.org/text-segmentation/-/text-segmentation-1.0.3.tgz",
      "integrity": "sha512-iOiPUo/BGnZ6+54OsWxZidGCsdU8YbE4PSpdPinp7DeMtUJNJBoJ/ouUSTJjHkh1KntHaltHl/gDs2FC4i5+Nw==",
      "license": "MIT",
      "dependencies": {
        "utrie": "^1.0.2"
      }
    },
    "node_modules/typescript": {
      "version": "6.0.3",
      "resolved": "https://registry.npmjs.org/typescript/-/typescript-6.0.3.tgz",
      "integrity": "sha512-y2TvuxSZPDyQakkFRPZHKFm+KKVqIisdg9/CZwm9ftvKXLP8NRWj38/ODjNbr43SsoXqNuAisEf1GdCxqWcdBw==",
      "license": "Apache-2.0",
      "bin": {
        "tsc": "bin/tsc",
        "tsserver": "bin/tsserver"
      },
      "engines": {
        "node": ">=14.17"
      }
    },
    "node_modules/utrie": {
      "version": "1.0.2",
      "resolved": "https://registry.npmjs.org/utrie/-/utrie-1.0.2.tgz",
      "integrity": "sha512-1MLa5ouZiOmQzUbjbu9VmjLzn1QLXBhwpUa7kdLUQK+KQ5KA9I1vk5U4YHe/X2Ch7PYnJfWuWT+VbuxbGwljhw==",
      "license": "MIT",
      "dependencies": {
        "base64-arraybuffer": "^1.0.2"
      }
    }
  }
}
